// !$*UTF8*$!
{
	archiveVersion = 1;
	classes = {
	};
	objectVersion = 46;
	objects = {

/* Begin PBXBuildFile section */
		07A7805FA8A864AA7765B31E /* Pods_UnoTests.framework in Frameworks */ = {isa = PBXBuildFile; fileRef = 22B28797F1BD605D2EFB41D8 /* Pods_UnoTests.framework */; };
		239E34A01F0F065500B03DB2 /* GoogleService-Info.plist in Resources */ = {isa = PBXBuildFile; fileRef = 239E349F1F0F065500B03DB2 /* GoogleService-Info.plist */; };
		239E34A31F0F1F6800B03DB2 /* LoginViewController.swift in Sources */ = {isa = PBXBuildFile; fileRef = 239E34A21F0F1F6800B03DB2 /* LoginViewController.swift */; };
		68C7C7F731BAC9A99C7C7906 /* Pods_UnoUITests.framework in Frameworks */ = {isa = PBXBuildFile; fileRef = 010AD0BCDAE1F4E2DAE57733 /* Pods_UnoUITests.framework */; };
		E6C270161F0DA0B50060DEA0 /* AppDelegate.swift in Sources */ = {isa = PBXBuildFile; fileRef = E6C270151F0DA0B50060DEA0 /* AppDelegate.swift */; };
		E6C270181F0DA0B50060DEA0 /* ViewController.swift in Sources */ = {isa = PBXBuildFile; fileRef = E6C270171F0DA0B50060DEA0 /* ViewController.swift */; };
		E6C2701D1F0DA0B50060DEA0 /* Assets.xcassets in Resources */ = {isa = PBXBuildFile; fileRef = E6C2701C1F0DA0B50060DEA0 /* Assets.xcassets */; };
		E6C270201F0DA0B50060DEA0 /* LaunchScreen.storyboard in Resources */ = {isa = PBXBuildFile; fileRef = E6C2701E1F0DA0B50060DEA0 /* LaunchScreen.storyboard */; };
		E6C2702B1F0DA0B60060DEA0 /* UnoTests.swift in Sources */ = {isa = PBXBuildFile; fileRef = E6C2702A1F0DA0B60060DEA0 /* UnoTests.swift */; };
		E6C270361F0DA0B60060DEA0 /* UnoUITests.swift in Sources */ = {isa = PBXBuildFile; fileRef = E6C270351F0DA0B60060DEA0 /* UnoUITests.swift */; };
		FA0A530EC575EE1654D78D16 /* Pods_Uno.framework in Frameworks */ = {isa = PBXBuildFile; fileRef = E3E89DE615C6270374BCFE74 /* Pods_Uno.framework */; };
/* End PBXBuildFile section */

/* Begin PBXContainerItemProxy section */
		E6C270271F0DA0B60060DEA0 /* PBXContainerItemProxy */ = {
			isa = PBXContainerItemProxy;
			containerPortal = E6C2700A1F0DA0B50060DEA0 /* Project object */;
			proxyType = 1;
			remoteGlobalIDString = E6C270111F0DA0B50060DEA0;
			remoteInfo = Uno;
		};
		E6C270321F0DA0B60060DEA0 /* PBXContainerItemProxy */ = {
			isa = PBXContainerItemProxy;
			containerPortal = E6C2700A1F0DA0B50060DEA0 /* Project object */;
			proxyType = 1;
			remoteGlobalIDString = E6C270111F0DA0B50060DEA0;
			remoteInfo = Uno;
		};
/* End PBXContainerItemProxy section */

/* Begin PBXFileReference section */
		010AD0BCDAE1F4E2DAE57733 /* Pods_UnoUITests.framework */ = {isa = PBXFileReference; explicitFileType = wrapper.framework; includeInIndex = 0; path = Pods_UnoUITests.framework; sourceTree = BUILT_PRODUCTS_DIR; };
		0BA55E8182E51963A8604EC7 /* Pods-UnoTests.release.xcconfig */ = {isa = PBXFileReference; includeInIndex = 1; lastKnownFileType = text.xcconfig; name = "Pods-UnoTests.release.xcconfig"; path = "../Pods/Target Support Files/Pods-UnoTests/Pods-UnoTests.release.xcconfig"; sourceTree = "<group>"; };
		22B28797F1BD605D2EFB41D8 /* Pods_UnoTests.framework */ = {isa = PBXFileReference; explicitFileType = wrapper.framework; includeInIndex = 0; path = Pods_UnoTests.framework; sourceTree = BUILT_PRODUCTS_DIR; };
		239E349F1F0F065500B03DB2 /* GoogleService-Info.plist */ = {isa = PBXFileReference; fileEncoding = 4; lastKnownFileType = text.plist.xml; path = "GoogleService-Info.plist"; sourceTree = "<group>"; };
		239E34A21F0F1F6800B03DB2 /* LoginViewController.swift */ = {isa = PBXFileReference; fileEncoding = 4; lastKnownFileType = sourcecode.swift; path = LoginViewController.swift; sourceTree = "<group>"; };
		542A7CD0D151BBB37D15DC7D /* Pods-Uno.release.xcconfig */ = {isa = PBXFileReference; includeInIndex = 1; lastKnownFileType = text.xcconfig; name = "Pods-Uno.release.xcconfig"; path = "../Pods/Target Support Files/Pods-Uno/Pods-Uno.release.xcconfig"; sourceTree = "<group>"; };
		91B7B8D70498A1BBF3E7995A /* Pods-UnoUITests.debug.xcconfig */ = {isa = PBXFileReference; includeInIndex = 1; lastKnownFileType = text.xcconfig; name = "Pods-UnoUITests.debug.xcconfig"; path = "../Pods/Target Support Files/Pods-UnoUITests/Pods-UnoUITests.debug.xcconfig"; sourceTree = "<group>"; };
		ADC51A2CF427FE09FC0C49B3 /* Pods-UnoUITests.release.xcconfig */ = {isa = PBXFileReference; includeInIndex = 1; lastKnownFileType = text.xcconfig; name = "Pods-UnoUITests.release.xcconfig"; path = "../Pods/Target Support Files/Pods-UnoUITests/Pods-UnoUITests.release.xcconfig"; sourceTree = "<group>"; };
		BE18371A7A5CA5A8BE233688 /* Pods-UnoTests.debug.xcconfig */ = {isa = PBXFileReference; includeInIndex = 1; lastKnownFileType = text.xcconfig; name = "Pods-UnoTests.debug.xcconfig"; path = "../Pods/Target Support Files/Pods-UnoTests/Pods-UnoTests.debug.xcconfig"; sourceTree = "<group>"; };
		C4F21575EC70B1499028594C /* Pods-Uno.debug.xcconfig */ = {isa = PBXFileReference; includeInIndex = 1; lastKnownFileType = text.xcconfig; name = "Pods-Uno.debug.xcconfig"; path = "../Pods/Target Support Files/Pods-Uno/Pods-Uno.debug.xcconfig"; sourceTree = "<group>"; };
		E3E89DE615C6270374BCFE74 /* Pods_Uno.framework */ = {isa = PBXFileReference; explicitFileType = wrapper.framework; includeInIndex = 0; path = Pods_Uno.framework; sourceTree = BUILT_PRODUCTS_DIR; };
		E6C270121F0DA0B50060DEA0 /* Uno.app */ = {isa = PBXFileReference; explicitFileType = wrapper.application; includeInIndex = 0; path = Uno.app; sourceTree = BUILT_PRODUCTS_DIR; };
		E6C270151F0DA0B50060DEA0 /* AppDelegate.swift */ = {isa = PBXFileReference; lastKnownFileType = sourcecode.swift; path = AppDelegate.swift; sourceTree = "<group>"; };
		E6C270171F0DA0B50060DEA0 /* ViewController.swift */ = {isa = PBXFileReference; lastKnownFileType = sourcecode.swift; path = ViewController.swift; sourceTree = "<group>"; };
		E6C2701C1F0DA0B50060DEA0 /* Assets.xcassets */ = {isa = PBXFileReference; lastKnownFileType = folder.assetcatalog; path = Assets.xcassets; sourceTree = "<group>"; };
		E6C2701F1F0DA0B50060DEA0 /* Base */ = {isa = PBXFileReference; lastKnownFileType = file.storyboard; name = Base; path = Base.lproj/LaunchScreen.storyboard; sourceTree = "<group>"; };
		E6C270211F0DA0B50060DEA0 /* Info.plist */ = {isa = PBXFileReference; lastKnownFileType = text.plist.xml; path = Info.plist; sourceTree = "<group>"; };
		E6C270261F0DA0B60060DEA0 /* UnoTests.xctest */ = {isa = PBXFileReference; explicitFileType = wrapper.cfbundle; includeInIndex = 0; path = UnoTests.xctest; sourceTree = BUILT_PRODUCTS_DIR; };
		E6C2702A1F0DA0B60060DEA0 /* UnoTests.swift */ = {isa = PBXFileReference; lastKnownFileType = sourcecode.swift; path = UnoTests.swift; sourceTree = "<group>"; };
		E6C2702C1F0DA0B60060DEA0 /* Info.plist */ = {isa = PBXFileReference; lastKnownFileType = text.plist.xml; path = Info.plist; sourceTree = "<group>"; };
		E6C270311F0DA0B60060DEA0 /* UnoUITests.xctest */ = {isa = PBXFileReference; explicitFileType = wrapper.cfbundle; includeInIndex = 0; path = UnoUITests.xctest; sourceTree = BUILT_PRODUCTS_DIR; };
		E6C270351F0DA0B60060DEA0 /* UnoUITests.swift */ = {isa = PBXFileReference; lastKnownFileType = sourcecode.swift; path = UnoUITests.swift; sourceTree = "<group>"; };
		E6C270371F0DA0B60060DEA0 /* Info.plist */ = {isa = PBXFileReference; lastKnownFileType = text.plist.xml; path = Info.plist; sourceTree = "<group>"; };
/* End PBXFileReference section */

/* Begin PBXFrameworksBuildPhase section */
		E6C2700F1F0DA0B50060DEA0 /* Frameworks */ = {
			isa = PBXFrameworksBuildPhase;
			buildActionMask = 2147483647;
			files = (
				FA0A530EC575EE1654D78D16 /* Pods_Uno.framework in Frameworks */,
			);
			runOnlyForDeploymentPostprocessing = 0;
		};
		E6C270231F0DA0B60060DEA0 /* Frameworks */ = {
			isa = PBXFrameworksBuildPhase;
			buildActionMask = 2147483647;
			files = (
				07A7805FA8A864AA7765B31E /* Pods_UnoTests.framework in Frameworks */,
			);
			runOnlyForDeploymentPostprocessing = 0;
		};
		E6C2702E1F0DA0B60060DEA0 /* Frameworks */ = {
			isa = PBXFrameworksBuildPhase;
			buildActionMask = 2147483647;
			files = (
				68C7C7F731BAC9A99C7C7906 /* Pods_UnoUITests.framework in Frameworks */,
			);
			runOnlyForDeploymentPostprocessing = 0;
		};
/* End PBXFrameworksBuildPhase section */

/* Begin PBXGroup section */
		239E34A11F0F1EE100B03DB2 /* Login */ = {
			isa = PBXGroup;
			children = (
				239E34A21F0F1F6800B03DB2 /* LoginViewController.swift */,
			);
			name = Login;
			sourceTree = "<group>";
		};
		A522C8CBFE7973E2D834BD49 /* Pods */ = {
			isa = PBXGroup;
			children = (
				C4F21575EC70B1499028594C /* Pods-Uno.debug.xcconfig */,
				542A7CD0D151BBB37D15DC7D /* Pods-Uno.release.xcconfig */,
				BE18371A7A5CA5A8BE233688 /* Pods-UnoTests.debug.xcconfig */,
				0BA55E8182E51963A8604EC7 /* Pods-UnoTests.release.xcconfig */,
				91B7B8D70498A1BBF3E7995A /* Pods-UnoUITests.debug.xcconfig */,
				ADC51A2CF427FE09FC0C49B3 /* Pods-UnoUITests.release.xcconfig */,
			);
			name = Pods;
			sourceTree = "<group>";
		};
		E18DAE953653023A6BDA90FC /* Frameworks */ = {
			isa = PBXGroup;
			children = (
				E3E89DE615C6270374BCFE74 /* Pods_Uno.framework */,
				22B28797F1BD605D2EFB41D8 /* Pods_UnoTests.framework */,
				010AD0BCDAE1F4E2DAE57733 /* Pods_UnoUITests.framework */,
			);
			name = Frameworks;
			sourceTree = "<group>";
		};
		E6C270091F0DA0B50060DEA0 = {
			isa = PBXGroup;
			children = (
				E6C270141F0DA0B50060DEA0 /* Uno */,
				E6C270291F0DA0B60060DEA0 /* UnoTests */,
				E6C270341F0DA0B60060DEA0 /* UnoUITests */,
				E6C270131F0DA0B50060DEA0 /* Products */,
				A522C8CBFE7973E2D834BD49 /* Pods */,
				E18DAE953653023A6BDA90FC /* Frameworks */,
			);
			sourceTree = "<group>";
		};
		E6C270131F0DA0B50060DEA0 /* Products */ = {
			isa = PBXGroup;
			children = (
				E6C270121F0DA0B50060DEA0 /* Uno.app */,
				E6C270261F0DA0B60060DEA0 /* UnoTests.xctest */,
				E6C270311F0DA0B60060DEA0 /* UnoUITests.xctest */,
			);
			name = Products;
			sourceTree = "<group>";
		};
		E6C270141F0DA0B50060DEA0 /* Uno */ = {
			isa = PBXGroup;
			children = (
				239E34A11F0F1EE100B03DB2 /* Login */,
				239E349F1F0F065500B03DB2 /* GoogleService-Info.plist */,
				E6C270151F0DA0B50060DEA0 /* AppDelegate.swift */,
				E6C270171F0DA0B50060DEA0 /* ViewController.swift */,
				E6C2701C1F0DA0B50060DEA0 /* Assets.xcassets */,
				E6C2701E1F0DA0B50060DEA0 /* LaunchScreen.storyboard */,
				E6C270211F0DA0B50060DEA0 /* Info.plist */,
			);
			path = Uno;
			sourceTree = "<group>";
		};
		E6C270291F0DA0B60060DEA0 /* UnoTests */ = {
			isa = PBXGroup;
			children = (
				E6C2702A1F0DA0B60060DEA0 /* UnoTests.swift */,
				E6C2702C1F0DA0B60060DEA0 /* Info.plist */,
			);
			path = UnoTests;
			sourceTree = "<group>";
		};
		E6C270341F0DA0B60060DEA0 /* UnoUITests */ = {
			isa = PBXGroup;
			children = (
				E6C270351F0DA0B60060DEA0 /* UnoUITests.swift */,
				E6C270371F0DA0B60060DEA0 /* Info.plist */,
			);
			path = UnoUITests;
			sourceTree = "<group>";
		};
/* End PBXGroup section */

/* Begin PBXNativeTarget section */
		E6C270111F0DA0B50060DEA0 /* Uno */ = {
			isa = PBXNativeTarget;
			buildConfigurationList = E6C2703A1F0DA0B60060DEA0 /* Build configuration list for PBXNativeTarget "Uno" */;
			buildPhases = (
				6F96D658F7F7DD8A32FB055E /* [CP] Check Pods Manifest.lock */,
				E6C2700E1F0DA0B50060DEA0 /* Sources */,
				E6C2700F1F0DA0B50060DEA0 /* Frameworks */,
				E6C270101F0DA0B50060DEA0 /* Resources */,
				084B1AC85A8CFA45627CF8C4 /* [CP] Embed Pods Frameworks */,
				D6FA1C691B04F460E87D514D /* [CP] Copy Pods Resources */,
			);
			buildRules = (
			);
			dependencies = (
			);
			name = Uno;
			productName = Uno;
			productReference = E6C270121F0DA0B50060DEA0 /* Uno.app */;
			productType = "com.apple.product-type.application";
		};
		E6C270251F0DA0B60060DEA0 /* UnoTests */ = {
			isa = PBXNativeTarget;
			buildConfigurationList = E6C2703D1F0DA0B60060DEA0 /* Build configuration list for PBXNativeTarget "UnoTests" */;
			buildPhases = (
				1181FA7B008E3382A4F7DCBC /* [CP] Check Pods Manifest.lock */,
				E6C270221F0DA0B60060DEA0 /* Sources */,
				E6C270231F0DA0B60060DEA0 /* Frameworks */,
				E6C270241F0DA0B60060DEA0 /* Resources */,
				FC934BB07934E7B18868811E /* [CP] Embed Pods Frameworks */,
				9959CCD99054314E7BC06091 /* [CP] Copy Pods Resources */,
			);
			buildRules = (
			);
			dependencies = (
				E6C270281F0DA0B60060DEA0 /* PBXTargetDependency */,
			);
			name = UnoTests;
			productName = UnoTests;
			productReference = E6C270261F0DA0B60060DEA0 /* UnoTests.xctest */;
			productType = "com.apple.product-type.bundle.unit-test";
		};
		E6C270301F0DA0B60060DEA0 /* UnoUITests */ = {
			isa = PBXNativeTarget;
			buildConfigurationList = E6C270401F0DA0B60060DEA0 /* Build configuration list for PBXNativeTarget "UnoUITests" */;
			buildPhases = (
				AF9272D2E9C8C644A3D0A240 /* [CP] Check Pods Manifest.lock */,
				E6C2702D1F0DA0B60060DEA0 /* Sources */,
				E6C2702E1F0DA0B60060DEA0 /* Frameworks */,
				E6C2702F1F0DA0B60060DEA0 /* Resources */,
				C9ADC710805A634D68DC085D /* [CP] Embed Pods Frameworks */,
				96191E06A9182B6C31636319 /* [CP] Copy Pods Resources */,
			);
			buildRules = (
			);
			dependencies = (
				E6C270331F0DA0B60060DEA0 /* PBXTargetDependency */,
			);
			name = UnoUITests;
			productName = UnoUITests;
			productReference = E6C270311F0DA0B60060DEA0 /* UnoUITests.xctest */;
			productType = "com.apple.product-type.bundle.ui-testing";
		};
/* End PBXNativeTarget section */

/* Begin PBXProject section */
		E6C2700A1F0DA0B50060DEA0 /* Project object */ = {
			isa = PBXProject;
			attributes = {
				LastSwiftUpdateCheck = 0830;
				LastUpgradeCheck = 0830;
				ORGANIZATIONNAME = Mozilla;
				TargetAttributes = {
					E6C270111F0DA0B50060DEA0 = {
						CreatedOnToolsVersion = 8.3.3;
						DevelopmentTeam = 9P7FQVD9YW;
						ProvisioningStyle = Automatic;
					};
					E6C270251F0DA0B60060DEA0 = {
						CreatedOnToolsVersion = 8.3.3;
						ProvisioningStyle = Automatic;
						TestTargetID = E6C270111F0DA0B50060DEA0;
					};
					E6C270301F0DA0B60060DEA0 = {
						CreatedOnToolsVersion = 8.3.3;
						ProvisioningStyle = Automatic;
						TestTargetID = E6C270111F0DA0B50060DEA0;
					};
				};
			};
			buildConfigurationList = E6C2700D1F0DA0B50060DEA0 /* Build configuration list for PBXProject "Uno" */;
			compatibilityVersion = "Xcode 3.2";
			developmentRegion = English;
			hasScannedForEncodings = 0;
			knownRegions = (
				en,
				Base,
			);
			mainGroup = E6C270091F0DA0B50060DEA0;
			productRefGroup = E6C270131F0DA0B50060DEA0 /* Products */;
			projectDirPath = "";
			projectRoot = "";
			targets = (
				E6C270111F0DA0B50060DEA0 /* Uno */,
				E6C270251F0DA0B60060DEA0 /* UnoTests */,
				E6C270301F0DA0B60060DEA0 /* UnoUITests */,
			);
		};
/* End PBXProject section */

/* Begin PBXResourcesBuildPhase section */
		E6C270101F0DA0B50060DEA0 /* Resources */ = {
			isa = PBXResourcesBuildPhase;
			buildActionMask = 2147483647;
			files = (
				E6C270201F0DA0B50060DEA0 /* LaunchScreen.storyboard in Resources */,
				E6C2701D1F0DA0B50060DEA0 /* Assets.xcassets in Resources */,
				239E34A01F0F065500B03DB2 /* GoogleService-Info.plist in Resources */,
			);
			runOnlyForDeploymentPostprocessing = 0;
		};
		E6C270241F0DA0B60060DEA0 /* Resources */ = {
			isa = PBXResourcesBuildPhase;
			buildActionMask = 2147483647;
			files = (
			);
			runOnlyForDeploymentPostprocessing = 0;
		};
		E6C2702F1F0DA0B60060DEA0 /* Resources */ = {
			isa = PBXResourcesBuildPhase;
			buildActionMask = 2147483647;
			files = (
			);
			runOnlyForDeploymentPostprocessing = 0;
		};
/* End PBXResourcesBuildPhase section */

/* Begin PBXShellScriptBuildPhase section */
		084B1AC85A8CFA45627CF8C4 /* [CP] Embed Pods Frameworks */ = {
			isa = PBXShellScriptBuildPhase;
			buildActionMask = 2147483647;
			files = (
			);
			inputPaths = (
			);
			name = "[CP] Embed Pods Frameworks";
			outputPaths = (
			);
			runOnlyForDeploymentPostprocessing = 0;
			shellPath = /bin/sh;
			shellScript = "\"${SRCROOT}/../Pods/Target Support Files/Pods-Uno/Pods-Uno-frameworks.sh\"\n";
			showEnvVarsInLog = 0;
		};
		1181FA7B008E3382A4F7DCBC /* [CP] Check Pods Manifest.lock */ = {
			isa = PBXShellScriptBuildPhase;
			buildActionMask = 2147483647;
			files = (
			);
			inputPaths = (
			);
			name = "[CP] Check Pods Manifest.lock";
			outputPaths = (
			);
			runOnlyForDeploymentPostprocessing = 0;
			shellPath = /bin/sh;
			shellScript = "diff \"${PODS_PODFILE_DIR_PATH}/Podfile.lock\" \"${PODS_ROOT}/Manifest.lock\" > /dev/null\nif [ $? != 0 ] ; then\n    # print error to STDERR\n    echo \"error: The sandbox is not in sync with the Podfile.lock. Run 'pod install' or update your CocoaPods installation.\" >&2\n    exit 1\nfi\n";
			showEnvVarsInLog = 0;
		};
		6F96D658F7F7DD8A32FB055E /* [CP] Check Pods Manifest.lock */ = {
			isa = PBXShellScriptBuildPhase;
			buildActionMask = 2147483647;
			files = (
			);
			inputPaths = (
			);
			name = "[CP] Check Pods Manifest.lock";
			outputPaths = (
			);
			runOnlyForDeploymentPostprocessing = 0;
			shellPath = /bin/sh;
			shellScript = "diff \"${PODS_PODFILE_DIR_PATH}/Podfile.lock\" \"${PODS_ROOT}/Manifest.lock\" > /dev/null\nif [ $? != 0 ] ; then\n    # print error to STDERR\n    echo \"error: The sandbox is not in sync with the Podfile.lock. Run 'pod install' or update your CocoaPods installation.\" >&2\n    exit 1\nfi\n";
			showEnvVarsInLog = 0;
		};
		96191E06A9182B6C31636319 /* [CP] Copy Pods Resources */ = {
			isa = PBXShellScriptBuildPhase;
			buildActionMask = 2147483647;
			files = (
			);
			inputPaths = (
			);
			name = "[CP] Copy Pods Resources";
			outputPaths = (
			);
			runOnlyForDeploymentPostprocessing = 0;
			shellPath = /bin/sh;
			shellScript = "\"${SRCROOT}/../Pods/Target Support Files/Pods-UnoUITests/Pods-UnoUITests-resources.sh\"\n";
			showEnvVarsInLog = 0;
		};
		9959CCD99054314E7BC06091 /* [CP] Copy Pods Resources */ = {
			isa = PBXShellScriptBuildPhase;
			buildActionMask = 2147483647;
			files = (
			);
			inputPaths = (
			);
			name = "[CP] Copy Pods Resources";
			outputPaths = (
			);
			runOnlyForDeploymentPostprocessing = 0;
			shellPath = /bin/sh;
			shellScript = "\"${SRCROOT}/../Pods/Target Support Files/Pods-UnoTests/Pods-UnoTests-resources.sh\"\n";
			showEnvVarsInLog = 0;
		};
		AF9272D2E9C8C644A3D0A240 /* [CP] Check Pods Manifest.lock */ = {
			isa = PBXShellScriptBuildPhase;
			buildActionMask = 2147483647;
			files = (
			);
			inputPaths = (
			);
			name = "[CP] Check Pods Manifest.lock";
			outputPaths = (
			);
			runOnlyForDeploymentPostprocessing = 0;
			shellPath = /bin/sh;
			shellScript = "diff \"${PODS_PODFILE_DIR_PATH}/Podfile.lock\" \"${PODS_ROOT}/Manifest.lock\" > /dev/null\nif [ $? != 0 ] ; then\n    # print error to STDERR\n    echo \"error: The sandbox is not in sync with the Podfile.lock. Run 'pod install' or update your CocoaPods installation.\" >&2\n    exit 1\nfi\n";
			showEnvVarsInLog = 0;
		};
		C9ADC710805A634D68DC085D /* [CP] Embed Pods Frameworks */ = {
			isa = PBXShellScriptBuildPhase;
			buildActionMask = 2147483647;
			files = (
			);
			inputPaths = (
			);
			name = "[CP] Embed Pods Frameworks";
			outputPaths = (
			);
			runOnlyForDeploymentPostprocessing = 0;
			shellPath = /bin/sh;
			shellScript = "\"${SRCROOT}/../Pods/Target Support Files/Pods-UnoUITests/Pods-UnoUITests-frameworks.sh\"\n";
			showEnvVarsInLog = 0;
		};
		D6FA1C691B04F460E87D514D /* [CP] Copy Pods Resources */ = {
			isa = PBXShellScriptBuildPhase;
			buildActionMask = 2147483647;
			files = (
			);
			inputPaths = (
			);
			name = "[CP] Copy Pods Resources";
			outputPaths = (
			);
			runOnlyForDeploymentPostprocessing = 0;
			shellPath = /bin/sh;
			shellScript = "\"${SRCROOT}/../Pods/Target Support Files/Pods-Uno/Pods-Uno-resources.sh\"\n";
			showEnvVarsInLog = 0;
		};
		FC934BB07934E7B18868811E /* [CP] Embed Pods Frameworks */ = {
			isa = PBXShellScriptBuildPhase;
			buildActionMask = 2147483647;
			files = (
			);
			inputPaths = (
			);
			name = "[CP] Embed Pods Frameworks";
			outputPaths = (
			);
			runOnlyForDeploymentPostprocessing = 0;
			shellPath = /bin/sh;
			shellScript = "\"${SRCROOT}/../Pods/Target Support Files/Pods-UnoTests/Pods-UnoTests-frameworks.sh\"\n";
			showEnvVarsInLog = 0;
		};
/* End PBXShellScriptBuildPhase section */

/* Begin PBXSourcesBuildPhase section */
		E6C2700E1F0DA0B50060DEA0 /* Sources */ = {
			isa = PBXSourcesBuildPhase;
			buildActionMask = 2147483647;
			files = (
				239E34A31F0F1F6800B03DB2 /* LoginViewController.swift in Sources */,
				E6C270181F0DA0B50060DEA0 /* ViewController.swift in Sources */,
				E6C270161F0DA0B50060DEA0 /* AppDelegate.swift in Sources */,
			);
			runOnlyForDeploymentPostprocessing = 0;
		};
		E6C270221F0DA0B60060DEA0 /* Sources */ = {
			isa = PBXSourcesBuildPhase;
			buildActionMask = 2147483647;
			files = (
				E6C2702B1F0DA0B60060DEA0 /* UnoTests.swift in Sources */,
			);
			runOnlyForDeploymentPostprocessing = 0;
		};
		E6C2702D1F0DA0B60060DEA0 /* Sources */ = {
			isa = PBXSourcesBuildPhase;
			buildActionMask = 2147483647;
			files = (
				E6C270361F0DA0B60060DEA0 /* UnoUITests.swift in Sources */,
			);
			runOnlyForDeploymentPostprocessing = 0;
		};
/* End PBXSourcesBuildPhase section */

/* Begin PBXTargetDependency section */
		E6C270281F0DA0B60060DEA0 /* PBXTargetDependency */ = {
			isa = PBXTargetDependency;
			target = E6C270111F0DA0B50060DEA0 /* Uno */;
			targetProxy = E6C270271F0DA0B60060DEA0 /* PBXContainerItemProxy */;
		};
		E6C270331F0DA0B60060DEA0 /* PBXTargetDependency */ = {
			isa = PBXTargetDependency;
			target = E6C270111F0DA0B50060DEA0 /* Uno */;
			targetProxy = E6C270321F0DA0B60060DEA0 /* PBXContainerItemProxy */;
		};
/* End PBXTargetDependency section */

/* Begin PBXVariantGroup section */
		E6C2701E1F0DA0B50060DEA0 /* LaunchScreen.storyboard */ = {
			isa = PBXVariantGroup;
			children = (
				E6C2701F1F0DA0B50060DEA0 /* Base */,
			);
			name = LaunchScreen.storyboard;
			sourceTree = "<group>";
		};
/* End PBXVariantGroup section */

/* Begin XCBuildConfiguration section */
		E6C270381F0DA0B60060DEA0 /* Debug */ = {
			isa = XCBuildConfiguration;
			buildSettings = {
				ALWAYS_SEARCH_USER_PATHS = NO;
				CLANG_ANALYZER_NONNULL = YES;
				CLANG_ANALYZER_NUMBER_OBJECT_CONVERSION = YES_AGGRESSIVE;
				CLANG_CXX_LANGUAGE_STANDARD = "gnu++0x";
				CLANG_CXX_LIBRARY = "libc++";
				CLANG_ENABLE_MODULES = YES;
				CLANG_ENABLE_OBJC_ARC = YES;
				CLANG_WARN_BOOL_CONVERSION = YES;
				CLANG_WARN_CONSTANT_CONVERSION = YES;
				CLANG_WARN_DIRECT_OBJC_ISA_USAGE = YES_ERROR;
				CLANG_WARN_DOCUMENTATION_COMMENTS = YES;
				CLANG_WARN_EMPTY_BODY = YES;
				CLANG_WARN_ENUM_CONVERSION = YES;
				CLANG_WARN_INFINITE_RECURSION = YES;
				CLANG_WARN_INT_CONVERSION = YES;
				CLANG_WARN_OBJC_ROOT_CLASS = YES_ERROR;
				CLANG_WARN_SUSPICIOUS_MOVE = YES;
				CLANG_WARN_UNREACHABLE_CODE = YES;
				CLANG_WARN__DUPLICATE_METHOD_MATCH = YES;
				"CODE_SIGN_IDENTITY[sdk=iphoneos*]" = "iPhone Developer";
				COPY_PHASE_STRIP = NO;
				DEBUG_INFORMATION_FORMAT = dwarf;
				ENABLE_STRICT_OBJC_MSGSEND = YES;
				ENABLE_TESTABILITY = YES;
				GCC_C_LANGUAGE_STANDARD = gnu99;
				GCC_DYNAMIC_NO_PIC = NO;
				GCC_NO_COMMON_BLOCKS = YES;
				GCC_OPTIMIZATION_LEVEL = 0;
				GCC_PREPROCESSOR_DEFINITIONS = (
					"DEBUG=1",
					"$(inherited)",
				);
				GCC_WARN_64_TO_32_BIT_CONVERSION = YES;
				GCC_WARN_ABOUT_RETURN_TYPE = YES_ERROR;
				GCC_WARN_UNDECLARED_SELECTOR = YES;
				GCC_WARN_UNINITIALIZED_AUTOS = YES_AGGRESSIVE;
				GCC_WARN_UNUSED_FUNCTION = YES;
				GCC_WARN_UNUSED_VARIABLE = YES;
				IPHONEOS_DEPLOYMENT_TARGET = 10.3;
				MTL_ENABLE_DEBUG_INFO = YES;
				ONLY_ACTIVE_ARCH = YES;
				SDKROOT = iphoneos;
				SWIFT_ACTIVE_COMPILATION_CONDITIONS = DEBUG;
				SWIFT_OPTIMIZATION_LEVEL = "-Onone";
			};
			name = Debug;
		};
		E6C270391F0DA0B60060DEA0 /* Release */ = {
			isa = XCBuildConfiguration;
			buildSettings = {
				ALWAYS_SEARCH_USER_PATHS = NO;
				CLANG_ANALYZER_NONNULL = YES;
				CLANG_ANALYZER_NUMBER_OBJECT_CONVERSION = YES_AGGRESSIVE;
				CLANG_CXX_LANGUAGE_STANDARD = "gnu++0x";
				CLANG_CXX_LIBRARY = "libc++";
				CLANG_ENABLE_MODULES = YES;
				CLANG_ENABLE_OBJC_ARC = YES;
				CLANG_WARN_BOOL_CONVERSION = YES;
				CLANG_WARN_CONSTANT_CONVERSION = YES;
				CLANG_WARN_DIRECT_OBJC_ISA_USAGE = YES_ERROR;
				CLANG_WARN_DOCUMENTATION_COMMENTS = YES;
				CLANG_WARN_EMPTY_BODY = YES;
				CLANG_WARN_ENUM_CONVERSION = YES;
				CLANG_WARN_INFINITE_RECURSION = YES;
				CLANG_WARN_INT_CONVERSION = YES;
				CLANG_WARN_OBJC_ROOT_CLASS = YES_ERROR;
				CLANG_WARN_SUSPICIOUS_MOVE = YES;
				CLANG_WARN_UNREACHABLE_CODE = YES;
				CLANG_WARN__DUPLICATE_METHOD_MATCH = YES;
				"CODE_SIGN_IDENTITY[sdk=iphoneos*]" = "iPhone Developer";
				COPY_PHASE_STRIP = NO;
				DEBUG_INFORMATION_FORMAT = "dwarf-with-dsym";
				ENABLE_NS_ASSERTIONS = NO;
				ENABLE_STRICT_OBJC_MSGSEND = YES;
				GCC_C_LANGUAGE_STANDARD = gnu99;
				GCC_NO_COMMON_BLOCKS = YES;
				GCC_WARN_64_TO_32_BIT_CONVERSION = YES;
				GCC_WARN_ABOUT_RETURN_TYPE = YES_ERROR;
				GCC_WARN_UNDECLARED_SELECTOR = YES;
				GCC_WARN_UNINITIALIZED_AUTOS = YES_AGGRESSIVE;
				GCC_WARN_UNUSED_FUNCTION = YES;
				GCC_WARN_UNUSED_VARIABLE = YES;
				IPHONEOS_DEPLOYMENT_TARGET = 10.3;
				MTL_ENABLE_DEBUG_INFO = NO;
				SDKROOT = iphoneos;
				SWIFT_OPTIMIZATION_LEVEL = "-Owholemodule";
				VALIDATE_PRODUCT = YES;
			};
			name = Release;
		};
		E6C2703B1F0DA0B60060DEA0 /* Debug */ = {
			isa = XCBuildConfiguration;
			baseConfigurationReference = C4F21575EC70B1499028594C /* Pods-Uno.debug.xcconfig */;
			buildSettings = {
				ASSETCATALOG_COMPILER_APPICON_NAME = AppIcon;
				DEVELOPMENT_TEAM = 9P7FQVD9YW;
				INFOPLIST_FILE = Uno/Info.plist;
				LD_RUNPATH_SEARCH_PATHS = "$(inherited) @executable_path/Frameworks";
				PRODUCT_BUNDLE_IDENTIFIER = com.mozilla.Uno;
				PRODUCT_NAME = "$(TARGET_NAME)";
				SWIFT_VERSION = 3.0;
			};
			name = Debug;
		};
		E6C2703C1F0DA0B60060DEA0 /* Release */ = {
			isa = XCBuildConfiguration;
			baseConfigurationReference = 542A7CD0D151BBB37D15DC7D /* Pods-Uno.release.xcconfig */;
			buildSettings = {
				ASSETCATALOG_COMPILER_APPICON_NAME = AppIcon;
				DEVELOPMENT_TEAM = 9P7FQVD9YW;
				INFOPLIST_FILE = Uno/Info.plist;
				LD_RUNPATH_SEARCH_PATHS = "$(inherited) @executable_path/Frameworks";
				PRODUCT_BUNDLE_IDENTIFIER = com.mozilla.Uno;
				PRODUCT_NAME = "$(TARGET_NAME)";
				SWIFT_VERSION = 3.0;
			};
			name = Release;
		};
		E6C2703E1F0DA0B60060DEA0 /* Debug */ = {
			isa = XCBuildConfiguration;
			baseConfigurationReference = BE18371A7A5CA5A8BE233688 /* Pods-UnoTests.debug.xcconfig */;
			buildSettings = {
				ALWAYS_EMBED_SWIFT_STANDARD_LIBRARIES = YES;
				BUNDLE_LOADER = "$(TEST_HOST)";
				INFOPLIST_FILE = UnoTests/Info.plist;
				LD_RUNPATH_SEARCH_PATHS = "$(inherited) @executable_path/Frameworks @loader_path/Frameworks";
				PRODUCT_BUNDLE_IDENTIFIER = com.mozilla.UnoTests;
				PRODUCT_NAME = "$(TARGET_NAME)";
				SWIFT_VERSION = 3.0;
				TEST_HOST = "$(BUILT_PRODUCTS_DIR)/Uno.app/Uno";
			};
			name = Debug;
		};
		E6C2703F1F0DA0B60060DEA0 /* Release */ = {
			isa = XCBuildConfiguration;
			baseConfigurationReference = 0BA55E8182E51963A8604EC7 /* Pods-UnoTests.release.xcconfig */;
			buildSettings = {
				ALWAYS_EMBED_SWIFT_STANDARD_LIBRARIES = YES;
				BUNDLE_LOADER = "$(TEST_HOST)";
				INFOPLIST_FILE = UnoTests/Info.plist;
				LD_RUNPATH_SEARCH_PATHS = "$(inherited) @executable_path/Frameworks @loader_path/Frameworks";
				PRODUCT_BUNDLE_IDENTIFIER = com.mozilla.UnoTests;
				PRODUCT_NAME = "$(TARGET_NAME)";
				SWIFT_VERSION = 3.0;
				TEST_HOST = "$(BUILT_PRODUCTS_DIR)/Uno.app/Uno";
			};
			name = Release;
		};
		E6C270411F0DA0B60060DEA0 /* Debug */ = {
			isa = XCBuildConfiguration;
			baseConfigurationReference = 91B7B8D70498A1BBF3E7995A /* Pods-UnoUITests.debug.xcconfig */;
			buildSettings = {
				ALWAYS_EMBED_SWIFT_STANDARD_LIBRARIES = YES;
				INFOPLIST_FILE = UnoUITests/Info.plist;
				LD_RUNPATH_SEARCH_PATHS = "$(inherited) @executable_path/Frameworks @loader_path/Frameworks";
				PRODUCT_BUNDLE_IDENTIFIER = com.mozilla.UnoUITests;
				PRODUCT_NAME = "$(TARGET_NAME)";
				SWIFT_VERSION = 3.0;
				TEST_TARGET_NAME = Uno;
			};
			name = Debug;
		};
		E6C270421F0DA0B60060DEA0 /* Release */ = {
			isa = XCBuildConfiguration;
			baseConfigurationReference = ADC51A2CF427FE09FC0C49B3 /* Pods-UnoUITests.release.xcconfig */;
			buildSettings = {
				ALWAYS_EMBED_SWIFT_STANDARD_LIBRARIES = YES;
				INFOPLIST_FILE = UnoUITests/Info.plist;
				LD_RUNPATH_SEARCH_PATHS = "$(inherited) @executable_path/Frameworks @loader_path/Frameworks";
				PRODUCT_BUNDLE_IDENTIFIER = com.mozilla.UnoUITests;
				PRODUCT_NAME = "$(TARGET_NAME)";
				SWIFT_VERSION = 3.0;
				TEST_TARGET_NAME = Uno;
			};
			name = Release;
		};
/* End XCBuildConfiguration section */

/* Begin XCConfigurationList section */
		E6C2700D1F0DA0B50060DEA0 /* Build configuration list for PBXProject "Uno" */ = {
			isa = XCConfigurationList;
			buildConfigurations = (
				E6C270381F0DA0B60060DEA0 /* Debug */,
				E6C270391F0DA0B60060DEA0 /* Release */,
			);
			defaultConfigurationIsVisible = 0;
			defaultConfigurationName = Release;
		};
		E6C2703A1F0DA0B60060DEA0 /* Build configuration list for PBXNativeTarget "Uno" */ = {
			isa = XCConfigurationList;
			buildConfigurations = (
				E6C2703B1F0DA0B60060DEA0 /* Debug */,
				E6C2703C1F0DA0B60060DEA0 /* Release */,
			);
			defaultConfigurationIsVisible = 0;
			defaultConfigurationName = Release;
		};
		E6C2703D1F0DA0B60060DEA0 /* Build configuration list for PBXNativeTarget "UnoTests" */ = {
			isa = XCConfigurationList;
			buildConfigurations = (
				E6C2703E1F0DA0B60060DEA0 /* Debug */,
				E6C2703F1F0DA0B60060DEA0 /* Release */,
			);
			defaultConfigurationIsVisible = 0;
			defaultConfigurationName = Release;
		};
		E6C270401F0DA0B60060DEA0 /* Build configuration list for PBXNativeTarget "UnoUITests" */ = {
			isa = XCConfigurationList;
			buildConfigurations = (
				E6C270411F0DA0B60060DEA0 /* Debug */,
				E6C270421F0DA0B60060DEA0 /* Release */,
			);
			defaultConfigurationIsVisible = 0;
			defaultConfigurationName = Release;
		};
/* End XCConfigurationList section */
	};
	rootObject = E6C2700A1F0DA0B50060DEA0 /* Project object */;
}
